
Microsoft Visual Studio Solution File, Format Version 11.00
# Visual C# Express 2010
Project("{FAE04EC0-301F-11D3-BF4B-00C04F79EFBC}") = "Odbiornik", "Odbiornik\Odbiornik.csproj", "{973685DC-D4E2-4968-88C9-4485B69CD974}"
EndProject
Project("{FAE04EC0-301F-11D3-BF4B-00C04F79EFBC}") = "Serwer", "Serwer\Serwer.csproj", "{0220D455-77D8-46C6-875F-7294018C821F}"
EndProject
Global
	GlobalSection(SolutionConfigurationPlatforms) = preSolution
		Debug|Any CPU = Debug|Any CPU
		Debug|Mixed Platforms = Debug|Mixed Platforms
		Debug|x86 = Debug|x86
		Release|Any CPU = Release|Any CPU
		Release|Mixed Platforms = Release|Mixed Platforms
		Release|x86 = Release|x86
	EndGlobalSection
	GlobalSection(ProjectConfigurationPlatforms) = postSolution
		{973685DC-D4E2-4968-88C9-4485B69CD974}.Debug|Any CPU.ActiveCfg = Debug|x86
		{973685DC-D4E2-4968-88C9-4485B69CD974}.Debug|Mixed Platforms.ActiveCfg = Debug|x86
		{973685DC-D4E2-4968-88C9-4485B69CD974}.Debug|Mixed Platforms.Build.0 = Debug|x86
		{973685DC-D4E2-4968-88C9-4485B69CD974}.Debug|x86.ActiveCfg = Debug|x86
		{973685DC-D4E2-4968-88C9-4485B69CD974}.Debug|x86.Build.0 = Debug|x86
		{973685DC-D4E2-4968-88C9-4485B69CD974}.Release|Any CPU.ActiveCfg = Release|x86
		{973685DC-D4E2-4968-88C9-4485B69CD974}.Release|Mixed Platforms.ActiveCfg = Release|x86
		{973685DC-D4E2-4968-88C9-4485B69CD974}.Release|Mixed Platforms.Build.0 = Release|x86
		{973685DC-D4E2-4968-88C9-4485B69CD974}.Release|x86.ActiveCfg = Release|x86
		{973685DC-D4E2-4968-88C9-4485B69CD974}.Release|x86.Build.0 = Release|x86
		{0220D455-77D8-46C6-875F-7294018C821F}.Debug|Any CPU.ActiveCfg = Debug|x86
		{0220D455-77D8-46C6-875F-7294018C821F}.Debug|Mixed Platforms.ActiveCfg = Debug|x86
		{0220D455-77D8-46C6-875F-7294018C821F}.Debug|Mixed Platforms.Build.0 = Debug|x86
		{0220D455-77D8-46C6-875F-7294018C821F}.Debug|x86.ActiveCfg = Debug|x86
		{0220D455-77D8-46C6-875F-7294018C821F}.Debug|x86.Build.0 = Debug|x86
		{0220D455-77D8-46C6-875F-7294018C821F}.Release|Any CPU.ActiveCfg = Release|x86
		{0220D455-77D8-46C6-875F-7294018C821F}.Release|Mixed Platforms.ActiveCfg = Release|x86
		{0220D455-77D8-46C6-875F-7294018C821F}.Release|Mixed Platforms.Build.0 = Release|x86
		{0220D455-77D8-46C6-875F-7294018C821F}.Release|x86.ActiveCfg = Release|x86
		{0220D455-77D8-46C6-875F-7294018C821F}.Release|x86.Build.0 = Release|x86
	EndGlobalSection
	GlobalSection(SolutionProperties) = preSolution
		HideSolutionNode = FALSE
	EndGlobalSection
EndGlobal
